
Microsoft Visual Studio Solution File, Format Version 11.00
# Visual Studio 2010
Project("{FAE04EC0-301F-11D3-BF4B-00C04F79EFBC}") = "zebrafish_game", "Assembly-CSharp.csproj", "{B020118D-45BE-2063-5153-7F7B1698BE20}"
EndProject
Global
	GlobalSection(SolutionConfigurationPlatforms) = preSolution
		Debug|Any CPU = Debug|Any CPU
		Release|Any CPU = Release|Any CPU
	EndGlobalSection
	GlobalSection(ProjectConfigurationPlatforms) = postSolution
		{B020118D-45BE-2063-5153-7F7B1698BE20}.Debug|Any CPU.ActiveCfg = Debug|Any CPU
		{B020118D-45BE-2063-5153-7F7B1698BE20}.Debug|Any CPU.Build.0 = Debug|Any CPU
		{B020118D-45BE-2063-5153-7F7B1698BE20}.Release|Any CPU.ActiveCfg = Release|Any CPU
		{B020118D-45BE-2063-5153-7F7B1698BE20}.Release|Any CPU.Build.0 = Release|Any CPU
	EndGlobalSection
	GlobalSection(SolutionProperties) = preSolution
		HideSolutionNode = FALSE
	EndGlobalSection
	GlobalSection(MonoDevelopProperties) = preSolution
		StartupItem = Assembly-CSharp.csproj
	EndGlobalSection
EndGlobal
